
Microsoft Visual Studio Solution File, Format Version 12.00
# Visual Studio Version 17
VisualStudioVersion = 17.0.31903.59
MinimumVisualStudioVersion = 10.0.40219.1
Project("{FAE04EC0-301F-11D3-BF4B-00C04F79EFBC}") = "test", "test\test.csproj", "{2FC31EB2-403E-43AC-978A-E40BDE12AF66}"
EndProject
Project("{2150E333-8FDC-42A3-9474-1A3956D46DE8}") = "Chirp.Server", "Chirp.Server", "{BEDA4323-2941-41C5-9BD8-28516AEEBCB3}"
EndProject
Project("{2150E333-8FDC-42A3-9474-1A3956D46DE8}") = "Chirp.CLI", "Chirp.CLI", "{2E7F7A54-65BD-4CC0-B7B2-8F04ED0E73EF}"
EndProject
Project("{2150E333-8FDC-42A3-9474-1A3956D46DE8}") = "SimpleDB", "SimpleDB", "{29521DED-0ED0-480E-A31C-8287657BA2DB}"
	ProjectSection(SolutionItems) = preProject
		IDatabaseRepository.cs = IDatabaseRepository.cs
	EndProjectSection
EndProject
Project("{FAE04EC0-301F-11D3-BF4B-00C04F79EFBC}") = "Chirp.Server", "Chirp.Server\Chirp.Server.csproj", "{7BBEEE28-9FC1-49FE-B5D4-ACA6F5E6421F}"
EndProject
Project("{FAE04EC0-301F-11D3-BF4B-00C04F79EFBC}") = "Chirp.CLI", "Chirp.CLI\Chirp.CLI.csproj", "{2D4D634F-CBDA-400E-87F6-74B27AD92ABC}"
EndProject
Project("{FAE04EC0-301F-11D3-BF4B-00C04F79EFBC}") = "SimpleDB", "SimpleDB\SimpleDB.csproj", "{ED46DF16-7CA8-42EF-94D5-38446541EF69}"
EndProject
Global
	GlobalSection(SolutionConfigurationPlatforms) = preSolution
		Debug|Any CPU = Debug|Any CPU
		Debug|x64 = Debug|x64
		Debug|x86 = Debug|x86
		Release|Any CPU = Release|Any CPU
		Release|x64 = Release|x64
		Release|x86 = Release|x86
	EndGlobalSection
	GlobalSection(ProjectConfigurationPlatforms) = postSolution
		{2FC31EB2-403E-43AC-978A-E40BDE12AF66}.Debug|Any CPU.ActiveCfg = Debug|Any CPU
		{2FC31EB2-403E-43AC-978A-E40BDE12AF66}.Debug|Any CPU.Build.0 = Debug|Any CPU
		{2FC31EB2-403E-43AC-978A-E40BDE12AF66}.Debug|x64.ActiveCfg = Debug|Any CPU
		{2FC31EB2-403E-43AC-978A-E40BDE12AF66}.Debug|x64.Build.0 = Debug|Any CPU
		{2FC31EB2-403E-43AC-978A-E40BDE12AF66}.Debug|x86.ActiveCfg = Debug|Any CPU
		{2FC31EB2-403E-43AC-978A-E40BDE12AF66}.Debug|x86.Build.0 = Debug|Any CPU
		{2FC31EB2-403E-43AC-978A-E40BDE12AF66}.Release|Any CPU.ActiveCfg = Release|Any CPU
		{2FC31EB2-403E-43AC-978A-E40BDE12AF66}.Release|Any CPU.Build.0 = Release|Any CPU
		{2FC31EB2-403E-43AC-978A-E40BDE12AF66}.Release|x64.ActiveCfg = Release|Any CPU
		{2FC31EB2-403E-43AC-978A-E40BDE12AF66}.Release|x64.Build.0 = Release|Any CPU
		{2FC31EB2-403E-43AC-978A-E40BDE12AF66}.Release|x86.ActiveCfg = Release|Any CPU
		{2FC31EB2-403E-43AC-978A-E40BDE12AF66}.Release|x86.Build.0 = Release|Any CPU
		{7BBEEE28-9FC1-49FE-B5D4-ACA6F5E6421F}.Debug|Any CPU.ActiveCfg = Debug|Any CPU
		{7BBEEE28-9FC1-49FE-B5D4-ACA6F5E6421F}.Debug|Any CPU.Build.0 = Debug|Any CPU
		{7BBEEE28-9FC1-49FE-B5D4-ACA6F5E6421F}.Debug|x64.ActiveCfg = Debug|Any CPU
		{7BBEEE28-9FC1-49FE-B5D4-ACA6F5E6421F}.Debug|x64.Build.0 = Debug|Any CPU
		{7BBEEE28-9FC1-49FE-B5D4-ACA6F5E6421F}.Debug|x86.ActiveCfg = Debug|Any CPU
		{7BBEEE28-9FC1-49FE-B5D4-ACA6F5E6421F}.Debug|x86.Build.0 = Debug|Any CPU
		{7BBEEE28-9FC1-49FE-B5D4-ACA6F5E6421F}.Release|Any CPU.ActiveCfg = Release|Any CPU
		{7BBEEE28-9FC1-49FE-B5D4-ACA6F5E6421F}.Release|Any CPU.Build.0 = Release|Any CPU
		{7BBEEE28-9FC1-49FE-B5D4-ACA6F5E6421F}.Release|x64.ActiveCfg = Release|Any CPU
		{7BBEEE28-9FC1-49FE-B5D4-ACA6F5E6421F}.Release|x64.Build.0 = Release|Any CPU
		{7BBEEE28-9FC1-49FE-B5D4-ACA6F5E6421F}.Release|x86.ActiveCfg = Release|Any CPU
		{7BBEEE28-9FC1-49FE-B5D4-ACA6F5E6421F}.Release|x86.Build.0 = Release|Any CPU
		{2D4D634F-CBDA-400E-87F6-74B27AD92ABC}.Debug|Any CPU.ActiveCfg = Debug|Any CPU
		{2D4D634F-CBDA-400E-87F6-74B27AD92ABC}.Debug|Any CPU.Build.0 = Debug|Any CPU
		{2D4D634F-CBDA-400E-87F6-74B27AD92ABC}.Debug|x64.ActiveCfg = Debug|Any CPU
		{2D4D634F-CBDA-400E-87F6-74B27AD92ABC}.Debug|x64.Build.0 = Debug|Any CPU
		{2D4D634F-CBDA-400E-87F6-74B27AD92ABC}.Debug|x86.ActiveCfg = Debug|Any CPU
		{2D4D634F-CBDA-400E-87F6-74B27AD92ABC}.Debug|x86.Build.0 = Debug|Any CPU
		{2D4D634F-CBDA-400E-87F6-74B27AD92ABC}.Release|Any CPU.ActiveCfg = Release|Any CPU
		{2D4D634F-CBDA-400E-87F6-74B27AD92ABC}.Release|Any CPU.Build.0 = Release|Any CPU
		{2D4D634F-CBDA-400E-87F6-74B27AD92ABC}.Release|x64.ActiveCfg = Release|Any CPU
		{2D4D634F-CBDA-400E-87F6-74B27AD92ABC}.Release|x64.Build.0 = Release|Any CPU
		{2D4D634F-CBDA-400E-87F6-74B27AD92ABC}.Release|x86.ActiveCfg = Release|Any CPU
		{2D4D634F-CBDA-400E-87F6-74B27AD92ABC}.Release|x86.Build.0 = Release|Any CPU
		{ED46DF16-7CA8-42EF-94D5-38446541EF69}.Debug|Any CPU.ActiveCfg = Debug|Any CPU
		{ED46DF16-7CA8-42EF-94D5-38446541EF69}.Debug|Any CPU.Build.0 = Debug|Any CPU
		{ED46DF16-7CA8-42EF-94D5-38446541EF69}.Debug|x64.ActiveCfg = Debug|Any CPU
		{ED46DF16-7CA8-42EF-94D5-38446541EF69}.Debug|x64.Build.0 = Debug|Any CPU
		{ED46DF16-7CA8-42EF-94D5-38446541EF69}.Debug|x86.ActiveCfg = Debug|Any CPU
		{ED46DF16-7CA8-42EF-94D5-38446541EF69}.Debug|x86.Build.0 = Debug|Any CPU
		{ED46DF16-7CA8-42EF-94D5-38446541EF69}.Release|Any CPU.ActiveCfg = Release|Any CPU
		{ED46DF16-7CA8-42EF-94D5-38446541EF69}.Release|Any CPU.Build.0 = Release|Any CPU
		{ED46DF16-7CA8-42EF-94D5-38446541EF69}.Release|x64.ActiveCfg = Release|Any CPU
		{ED46DF16-7CA8-42EF-94D5-38446541EF69}.Release|x64.Build.0 = Release|Any CPU
		{ED46DF16-7CA8-42EF-94D5-38446541EF69}.Release|x86.ActiveCfg = Release|Any CPU
		{ED46DF16-7CA8-42EF-94D5-38446541EF69}.Release|x86.Build.0 = Release|Any CPU
	EndGlobalSection
	GlobalSection(SolutionProperties) = preSolution
		HideSolutionNode = FALSE
	EndGlobalSection
	GlobalSection(NestedProjects) = preSolution
		{ED46DF16-7CA8-42EF-94D5-38446541EF69} = {29521DED-0ED0-480E-A31C-8287657BA2DB}
		{7BBEEE28-9FC1-49FE-B5D4-ACA6F5E6421F} = {BEDA4323-2941-41C5-9BD8-28516AEEBCB3}
		{2D4D634F-CBDA-400E-87F6-74B27AD92ABC} = {2E7F7A54-65BD-4CC0-B7B2-8F04ED0E73EF}
	EndGlobalSection
EndGlobal
